
Microsoft Visual Studio Solution File, Format Version 12.00
Project("{FAE04EC0-301F-11D3-BF4B-00C04F79EFBC}") = "HillelHW01", "HillelHW01\HillelHW01.csproj", "{439DB3D5-071B-493B-BF35-EF69FC2E8C91}"
EndProject
Global
	GlobalSection(SolutionConfigurationPlatforms) = preSolution
		Debug|Any CPU = Debug|Any CPU
		Release|Any CPU = Release|Any CPU
	EndGlobalSection
	GlobalSection(ProjectConfigurationPlatforms) = postSolution
		{439DB3D5-071B-493B-BF35-EF69FC2E8C91}.Debug|Any CPU.ActiveCfg = Debug|Any CPU
		{439DB3D5-071B-493B-BF35-EF69FC2E8C91}.Debug|Any CPU.Build.0 = Debug|Any CPU
		{439DB3D5-071B-493B-BF35-EF69FC2E8C91}.Release|Any CPU.ActiveCfg = Release|Any CPU
		{439DB3D5-071B-493B-BF35-EF69FC2E8C91}.Release|Any CPU.Build.0 = Release|Any CPU
	EndGlobalSection
EndGlobal
